
Microsoft Visual Studio Solution File, Format Version 12.00
# Visual Studio Version 17
VisualStudioVersion = 17.5.002.0
MinimumVisualStudioVersion = 10.0.40219.1
Project("{9A19103F-16F7-4668-BE54-9A1E7A4F7556}") = "loops-conditionals-klasser-objekter-MVC", "loops-conditionals-klasser-objekter-MVC.csproj", "{0DACF341-5E06-4BB2-96AD-0599F07C7804}"
EndProject
Global
	GlobalSection(SolutionConfigurationPlatforms) = preSolution
		Debug|Any CPU = Debug|Any CPU
		Release|Any CPU = Release|Any CPU
	EndGlobalSection
	GlobalSection(ProjectConfigurationPlatforms) = postSolution
		{0DACF341-5E06-4BB2-96AD-0599F07C7804}.Debug|Any CPU.ActiveCfg = Debug|Any CPU
		{0DACF341-5E06-4BB2-96AD-0599F07C7804}.Debug|Any CPU.Build.0 = Debug|Any CPU
		{0DACF341-5E06-4BB2-96AD-0599F07C7804}.Release|Any CPU.ActiveCfg = Release|Any CPU
		{0DACF341-5E06-4BB2-96AD-0599F07C7804}.Release|Any CPU.Build.0 = Release|Any CPU
	EndGlobalSection
	GlobalSection(SolutionProperties) = preSolution
		HideSolutionNode = FALSE
	EndGlobalSection
	GlobalSection(ExtensibilityGlobals) = postSolution
		SolutionGuid = {5311AF05-9A56-4647-AE7E-E8393D4B1530}
	EndGlobalSection
EndGlobal
